
Microsoft Visual Studio Solution File, Format Version 12.00
# Visual Studio Express 2012 for Windows Desktop
Project("{FAE04EC0-301F-11D3-BF4B-00C04F79EFBC}") = "12", "12\12.csproj", "{30C875EB-22B6-4163-BDE9-CFC6275EF97C}"
EndProject
Global
	GlobalSection(SolutionConfigurationPlatforms) = preSolution
		Debug|Any CPU = Debug|Any CPU
		Release|Any CPU = Release|Any CPU
	EndGlobalSection
	GlobalSection(ProjectConfigurationPlatforms) = postSolution
		{30C875EB-22B6-4163-BDE9-CFC6275EF97C}.Debug|Any CPU.ActiveCfg = Debug|Any CPU
		{30C875EB-22B6-4163-BDE9-CFC6275EF97C}.Debug|Any CPU.Build.0 = Debug|Any CPU
		{30C875EB-22B6-4163-BDE9-CFC6275EF97C}.Release|Any CPU.ActiveCfg = Release|Any CPU
		{30C875EB-22B6-4163-BDE9-CFC6275EF97C}.Release|Any CPU.Build.0 = Release|Any CPU
	EndGlobalSection
	GlobalSection(SolutionProperties) = preSolution
		HideSolutionNode = FALSE
	EndGlobalSection
EndGlobal
