
Microsoft Visual Studio Solution File, Format Version 12.00
# Visual Studio Express 2012 for Windows Desktop
Project("{FAE04EC0-301F-11D3-BF4B-00C04F79EFBC}") = "mmad3", "mmad3\mmad3.csproj", "{DA9FBD03-4644-4FEC-91E4-0B7E3F588135}"
EndProject
Global
	GlobalSection(SolutionConfigurationPlatforms) = preSolution
		Debug|Any CPU = Debug|Any CPU
		Release|Any CPU = Release|Any CPU
	EndGlobalSection
	GlobalSection(ProjectConfigurationPlatforms) = postSolution
		{DA9FBD03-4644-4FEC-91E4-0B7E3F588135}.Debug|Any CPU.ActiveCfg = Debug|Any CPU
		{DA9FBD03-4644-4FEC-91E4-0B7E3F588135}.Debug|Any CPU.Build.0 = Debug|Any CPU
		{DA9FBD03-4644-4FEC-91E4-0B7E3F588135}.Release|Any CPU.ActiveCfg = Release|Any CPU
		{DA9FBD03-4644-4FEC-91E4-0B7E3F588135}.Release|Any CPU.Build.0 = Release|Any CPU
	EndGlobalSection
	GlobalSection(SolutionProperties) = preSolution
		HideSolutionNode = FALSE
	EndGlobalSection
EndGlobal
